
Microsoft Visual Studio Solution File, Format Version 12.00
# Visual Studio Version 17
VisualStudioVersion = 17.4.32912.340
MinimumVisualStudioVersion = 10.0.40219.1
Project("{9A19103F-16F7-4668-BE54-9A1E7A4F7556}") = "Pihi.AdventOfCode2022.Application", "Pihi.AdventOfCode2022.Application\Pihi.AdventOfCode2022.Application.csproj", "{47432728-6C18-4D94-BAFC-E3B845D068DA}"
EndProject
Project("{9A19103F-16F7-4668-BE54-9A1E7A4F7556}") = "Pihi.AdventOfCode2022.Day01", "Pihi.AdventOfCode2022.Day01\Pihi.AdventOfCode2022.Day01.csproj", "{CDFA6D26-AA0B-48AD-847C-BC530DBEAB51}"
EndProject
Project("{9A19103F-16F7-4668-BE54-9A1E7A4F7556}") = "Pihi.AdventOfCode2022.Common", "Pihi.AdventOfCode2022.Common\Pihi.AdventOfCode2022.Common.csproj", "{C71E37BB-9596-45E0-B676-5B656350EF70}"
EndProject
Project("{9A19103F-16F7-4668-BE54-9A1E7A4F7556}") = "Pihi.AdventOfCode2022.Day02", "Pihi.AdventOfCode2022.Day02\Pihi.AdventOfCode2022.Day02.csproj", "{6D03CE6D-DDA2-44E2-A495-5883B33D5DD4}"
EndProject
Project("{FAE04EC0-301F-11D3-BF4B-00C04F79EFBC}") = "Pihi.AdventOfCode2022.Day03", "Pihi.AdventOfCode2022.Day03\Pihi.AdventOfCode2022.Day03.csproj", "{D6E3C2F5-FA5F-4E18-8DD9-CF18CF58522E}"
EndProject
Global
	GlobalSection(SolutionConfigurationPlatforms) = preSolution
		Debug|Any CPU = Debug|Any CPU
		Release|Any CPU = Release|Any CPU
	EndGlobalSection
	GlobalSection(ProjectConfigurationPlatforms) = postSolution
		{47432728-6C18-4D94-BAFC-E3B845D068DA}.Debug|Any CPU.ActiveCfg = Debug|Any CPU
		{47432728-6C18-4D94-BAFC-E3B845D068DA}.Debug|Any CPU.Build.0 = Debug|Any CPU
		{47432728-6C18-4D94-BAFC-E3B845D068DA}.Release|Any CPU.ActiveCfg = Release|Any CPU
		{47432728-6C18-4D94-BAFC-E3B845D068DA}.Release|Any CPU.Build.0 = Release|Any CPU
		{CDFA6D26-AA0B-48AD-847C-BC530DBEAB51}.Debug|Any CPU.ActiveCfg = Debug|Any CPU
		{CDFA6D26-AA0B-48AD-847C-BC530DBEAB51}.Debug|Any CPU.Build.0 = Debug|Any CPU
		{CDFA6D26-AA0B-48AD-847C-BC530DBEAB51}.Release|Any CPU.ActiveCfg = Release|Any CPU
		{CDFA6D26-AA0B-48AD-847C-BC530DBEAB51}.Release|Any CPU.Build.0 = Release|Any CPU
		{C71E37BB-9596-45E0-B676-5B656350EF70}.Debug|Any CPU.ActiveCfg = Debug|Any CPU
		{C71E37BB-9596-45E0-B676-5B656350EF70}.Debug|Any CPU.Build.0 = Debug|Any CPU
		{C71E37BB-9596-45E0-B676-5B656350EF70}.Release|Any CPU.ActiveCfg = Release|Any CPU
		{C71E37BB-9596-45E0-B676-5B656350EF70}.Release|Any CPU.Build.0 = Release|Any CPU
		{6D03CE6D-DDA2-44E2-A495-5883B33D5DD4}.Debug|Any CPU.ActiveCfg = Debug|Any CPU
		{6D03CE6D-DDA2-44E2-A495-5883B33D5DD4}.Debug|Any CPU.Build.0 = Debug|Any CPU
		{6D03CE6D-DDA2-44E2-A495-5883B33D5DD4}.Release|Any CPU.ActiveCfg = Release|Any CPU
		{6D03CE6D-DDA2-44E2-A495-5883B33D5DD4}.Release|Any CPU.Build.0 = Release|Any CPU
		{D6E3C2F5-FA5F-4E18-8DD9-CF18CF58522E}.Debug|Any CPU.ActiveCfg = Debug|Any CPU
		{D6E3C2F5-FA5F-4E18-8DD9-CF18CF58522E}.Debug|Any CPU.Build.0 = Debug|Any CPU
		{D6E3C2F5-FA5F-4E18-8DD9-CF18CF58522E}.Release|Any CPU.ActiveCfg = Release|Any CPU
		{D6E3C2F5-FA5F-4E18-8DD9-CF18CF58522E}.Release|Any CPU.Build.0 = Release|Any CPU
	EndGlobalSection
	GlobalSection(SolutionProperties) = preSolution
		HideSolutionNode = FALSE
	EndGlobalSection
	GlobalSection(ExtensibilityGlobals) = postSolution
		SolutionGuid = {4D584565-EA8C-490A-A964-FBEA8A692EF8}
	EndGlobalSection
EndGlobal
