
Microsoft Visual Studio Solution File, Format Version 12.00
# Visual Studio Version 17
VisualStudioVersion = 17.4.32912.340
MinimumVisualStudioVersion = 10.0.40219.1
Project("{9A19103F-16F7-4668-BE54-9A1E7A4F7556}") = "Pihi.AdventOfCode2022.Application", "Pihi.AdventOfCode2022.Application\Pihi.AdventOfCode2022.Application.csproj", "{47432728-6C18-4D94-BAFC-E3B845D068DA}"
EndProject
Project("{9A19103F-16F7-4668-BE54-9A1E7A4F7556}") = "Pihi.AdventOfCode2022.Day01", "Pihi.AdventOfCode2022.Day01\Pihi.AdventOfCode2022.Day01.csproj", "{CDFA6D26-AA0B-48AD-847C-BC530DBEAB51}"
EndProject
Project("{9A19103F-16F7-4668-BE54-9A1E7A4F7556}") = "Pihi.AdventOfCode2022.Common", "Pihi.AdventOfCode2022.Common\Pihi.AdventOfCode2022.Common.csproj", "{C71E37BB-9596-45E0-B676-5B656350EF70}"
EndProject
Project("{9A19103F-16F7-4668-BE54-9A1E7A4F7556}") = "Pihi.AdventOfCode2022.Day02", "Pihi.AdventOfCode2022.Day02\Pihi.AdventOfCode2022.Day02.csproj", "{6D03CE6D-DDA2-44E2-A495-5883B33D5DD4}"
EndProject
Project("{9A19103F-16F7-4668-BE54-9A1E7A4F7556}") = "Pihi.AdventOfCode2022.Day03", "Pihi.AdventOfCode2022.Day03\Pihi.AdventOfCode2022.Day03.csproj", "{D6E3C2F5-FA5F-4E18-8DD9-CF18CF58522E}"
EndProject
Project("{9A19103F-16F7-4668-BE54-9A1E7A4F7556}") = "Pihi.AdventOfCode2022.Day04", "Pihi.AdventOfCode2022.Day04\Pihi.AdventOfCode2022.Day04.csproj", "{24EAA074-A948-4341-8B01-5A3C6126B605}"
EndProject
Project("{9A19103F-16F7-4668-BE54-9A1E7A4F7556}") = "Pihi.AdventOfCode2022.Day05", "Pihi.AdventOfCode2022.Day05\Pihi.AdventOfCode2022.Day05.csproj", "{F94687FF-884B-409C-86CA-CF1E4D7E17B3}"
EndProject
Project("{9A19103F-16F7-4668-BE54-9A1E7A4F7556}") = "Pihi.AdventOfCode2022.Day06", "Pihi.AdventOfCode2022.Day06\Pihi.AdventOfCode2022.Day06.csproj", "{E445AB22-17AF-43EB-BB11-A987A1D19970}"
EndProject
Project("{9A19103F-16F7-4668-BE54-9A1E7A4F7556}") = "Pihi.AdventOfCode2022.Day07", "Pihi.AdventOfCode2022.Day07\Pihi.AdventOfCode2022.Day07.csproj", "{A8B3FBFA-0ADC-466C-B6AA-35F1BC369810}"
EndProject
Project("{9A19103F-16F7-4668-BE54-9A1E7A4F7556}") = "Pihi.AdventOfCode2022.Day08", "Pihi.AdventOfCode2022.Day08\Pihi.AdventOfCode2022.Day08.csproj", "{8EC65874-3511-45D3-9E94-9CDD3D2C3BAB}"
EndProject
Project("{9A19103F-16F7-4668-BE54-9A1E7A4F7556}") = "Pihi.AdventOfCode2022.Day09", "Pihi.AdventOfCode2022.Day09\Pihi.AdventOfCode2022.Day09.csproj", "{B5EDB79D-4C55-4BB8-8F23-4D3ADBE5206A}"
EndProject
Project("{9A19103F-16F7-4668-BE54-9A1E7A4F7556}") = "Pihi.AdventOfCode2022.Day10", "Pihi.AdventOfCode2022.Day10\Pihi.AdventOfCode2022.Day10.csproj", "{89208417-5981-486B-A49E-327A2E0DCE7D}"
EndProject
Project("{9A19103F-16F7-4668-BE54-9A1E7A4F7556}") = "Pihi.AdventOfCode2022.Day11", "Pihi.AdventOfCode2022.Day11\Pihi.AdventOfCode2022.Day11.csproj", "{9D8F9A23-F14E-4C8C-909B-72F164C13510}"
EndProject
Project("{FAE04EC0-301F-11D3-BF4B-00C04F79EFBC}") = "Pihi.AdventOfCode2022.Day12", "Pihi.AdventOfCode2022.Day12\Pihi.AdventOfCode2022.Day12.csproj", "{33747FE5-97D3-4EC1-9E32-70D32BCB572A}"
EndProject
Global
	GlobalSection(SolutionConfigurationPlatforms) = preSolution
		Debug|Any CPU = Debug|Any CPU
		Release|Any CPU = Release|Any CPU
	EndGlobalSection
	GlobalSection(ProjectConfigurationPlatforms) = postSolution
		{47432728-6C18-4D94-BAFC-E3B845D068DA}.Debug|Any CPU.ActiveCfg = Debug|Any CPU
		{47432728-6C18-4D94-BAFC-E3B845D068DA}.Debug|Any CPU.Build.0 = Debug|Any CPU
		{47432728-6C18-4D94-BAFC-E3B845D068DA}.Release|Any CPU.ActiveCfg = Release|Any CPU
		{47432728-6C18-4D94-BAFC-E3B845D068DA}.Release|Any CPU.Build.0 = Release|Any CPU
		{CDFA6D26-AA0B-48AD-847C-BC530DBEAB51}.Debug|Any CPU.ActiveCfg = Debug|Any CPU
		{CDFA6D26-AA0B-48AD-847C-BC530DBEAB51}.Debug|Any CPU.Build.0 = Debug|Any CPU
		{CDFA6D26-AA0B-48AD-847C-BC530DBEAB51}.Release|Any CPU.ActiveCfg = Release|Any CPU
		{CDFA6D26-AA0B-48AD-847C-BC530DBEAB51}.Release|Any CPU.Build.0 = Release|Any CPU
		{C71E37BB-9596-45E0-B676-5B656350EF70}.Debug|Any CPU.ActiveCfg = Debug|Any CPU
		{C71E37BB-9596-45E0-B676-5B656350EF70}.Debug|Any CPU.Build.0 = Debug|Any CPU
		{C71E37BB-9596-45E0-B676-5B656350EF70}.Release|Any CPU.ActiveCfg = Release|Any CPU
		{C71E37BB-9596-45E0-B676-5B656350EF70}.Release|Any CPU.Build.0 = Release|Any CPU
		{6D03CE6D-DDA2-44E2-A495-5883B33D5DD4}.Debug|Any CPU.ActiveCfg = Debug|Any CPU
		{6D03CE6D-DDA2-44E2-A495-5883B33D5DD4}.Debug|Any CPU.Build.0 = Debug|Any CPU
		{6D03CE6D-DDA2-44E2-A495-5883B33D5DD4}.Release|Any CPU.ActiveCfg = Release|Any CPU
		{6D03CE6D-DDA2-44E2-A495-5883B33D5DD4}.Release|Any CPU.Build.0 = Release|Any CPU
		{D6E3C2F5-FA5F-4E18-8DD9-CF18CF58522E}.Debug|Any CPU.ActiveCfg = Debug|Any CPU
		{D6E3C2F5-FA5F-4E18-8DD9-CF18CF58522E}.Debug|Any CPU.Build.0 = Debug|Any CPU
		{D6E3C2F5-FA5F-4E18-8DD9-CF18CF58522E}.Release|Any CPU.ActiveCfg = Release|Any CPU
		{D6E3C2F5-FA5F-4E18-8DD9-CF18CF58522E}.Release|Any CPU.Build.0 = Release|Any CPU
		{24EAA074-A948-4341-8B01-5A3C6126B605}.Debug|Any CPU.ActiveCfg = Debug|Any CPU
		{24EAA074-A948-4341-8B01-5A3C6126B605}.Debug|Any CPU.Build.0 = Debug|Any CPU
		{24EAA074-A948-4341-8B01-5A3C6126B605}.Release|Any CPU.ActiveCfg = Release|Any CPU
		{24EAA074-A948-4341-8B01-5A3C6126B605}.Release|Any CPU.Build.0 = Release|Any CPU
		{F94687FF-884B-409C-86CA-CF1E4D7E17B3}.Debug|Any CPU.ActiveCfg = Debug|Any CPU
		{F94687FF-884B-409C-86CA-CF1E4D7E17B3}.Debug|Any CPU.Build.0 = Debug|Any CPU
		{F94687FF-884B-409C-86CA-CF1E4D7E17B3}.Release|Any CPU.ActiveCfg = Release|Any CPU
		{F94687FF-884B-409C-86CA-CF1E4D7E17B3}.Release|Any CPU.Build.0 = Release|Any CPU
		{E445AB22-17AF-43EB-BB11-A987A1D19970}.Debug|Any CPU.ActiveCfg = Debug|Any CPU
		{E445AB22-17AF-43EB-BB11-A987A1D19970}.Debug|Any CPU.Build.0 = Debug|Any CPU
		{E445AB22-17AF-43EB-BB11-A987A1D19970}.Release|Any CPU.ActiveCfg = Release|Any CPU
		{E445AB22-17AF-43EB-BB11-A987A1D19970}.Release|Any CPU.Build.0 = Release|Any CPU
		{A8B3FBFA-0ADC-466C-B6AA-35F1BC369810}.Debug|Any CPU.ActiveCfg = Debug|Any CPU
		{A8B3FBFA-0ADC-466C-B6AA-35F1BC369810}.Debug|Any CPU.Build.0 = Debug|Any CPU
		{A8B3FBFA-0ADC-466C-B6AA-35F1BC369810}.Release|Any CPU.ActiveCfg = Release|Any CPU
		{A8B3FBFA-0ADC-466C-B6AA-35F1BC369810}.Release|Any CPU.Build.0 = Release|Any CPU
		{8EC65874-3511-45D3-9E94-9CDD3D2C3BAB}.Debug|Any CPU.ActiveCfg = Debug|Any CPU
		{8EC65874-3511-45D3-9E94-9CDD3D2C3BAB}.Debug|Any CPU.Build.0 = Debug|Any CPU
		{8EC65874-3511-45D3-9E94-9CDD3D2C3BAB}.Release|Any CPU.ActiveCfg = Release|Any CPU
		{8EC65874-3511-45D3-9E94-9CDD3D2C3BAB}.Release|Any CPU.Build.0 = Release|Any CPU
		{B5EDB79D-4C55-4BB8-8F23-4D3ADBE5206A}.Debug|Any CPU.ActiveCfg = Debug|Any CPU
		{B5EDB79D-4C55-4BB8-8F23-4D3ADBE5206A}.Debug|Any CPU.Build.0 = Debug|Any CPU
		{B5EDB79D-4C55-4BB8-8F23-4D3ADBE5206A}.Release|Any CPU.ActiveCfg = Release|Any CPU
		{B5EDB79D-4C55-4BB8-8F23-4D3ADBE5206A}.Release|Any CPU.Build.0 = Release|Any CPU
		{89208417-5981-486B-A49E-327A2E0DCE7D}.Debug|Any CPU.ActiveCfg = Debug|Any CPU
		{89208417-5981-486B-A49E-327A2E0DCE7D}.Debug|Any CPU.Build.0 = Debug|Any CPU
		{89208417-5981-486B-A49E-327A2E0DCE7D}.Release|Any CPU.ActiveCfg = Release|Any CPU
		{89208417-5981-486B-A49E-327A2E0DCE7D}.Release|Any CPU.Build.0 = Release|Any CPU
		{9D8F9A23-F14E-4C8C-909B-72F164C13510}.Debug|Any CPU.ActiveCfg = Debug|Any CPU
		{9D8F9A23-F14E-4C8C-909B-72F164C13510}.Debug|Any CPU.Build.0 = Debug|Any CPU
		{9D8F9A23-F14E-4C8C-909B-72F164C13510}.Release|Any CPU.ActiveCfg = Release|Any CPU
		{9D8F9A23-F14E-4C8C-909B-72F164C13510}.Release|Any CPU.Build.0 = Release|Any CPU
		{33747FE5-97D3-4EC1-9E32-70D32BCB572A}.Debug|Any CPU.ActiveCfg = Debug|Any CPU
		{33747FE5-97D3-4EC1-9E32-70D32BCB572A}.Debug|Any CPU.Build.0 = Debug|Any CPU
		{33747FE5-97D3-4EC1-9E32-70D32BCB572A}.Release|Any CPU.ActiveCfg = Release|Any CPU
		{33747FE5-97D3-4EC1-9E32-70D32BCB572A}.Release|Any CPU.Build.0 = Release|Any CPU
	EndGlobalSection
	GlobalSection(SolutionProperties) = preSolution
		HideSolutionNode = FALSE
	EndGlobalSection
	GlobalSection(ExtensibilityGlobals) = postSolution
		SolutionGuid = {4D584565-EA8C-490A-A964-FBEA8A692EF8}
	EndGlobalSection
EndGlobal
